
Microsoft Visual Studio Solution File, Format Version 12.00
# Visual Studio 15
VisualStudioVersion = 15.0.27130.2036
MinimumVisualStudioVersion = 10.0.40219.1
Project("{FAE04EC0-301F-11D3-BF4B-00C04F79EFBC}") = "DoorControl.Impl", "DoorControl.Imple\DoorControl.Impl.csproj", "{3435AC59-1F9D-4BFB-B968-C258CD944199}"
EndProject
Project("{FAE04EC0-301F-11D3-BF4B-00C04F79EFBC}") = "DoorControl.Tests.Unit", "DoorControl.Tests.Unit\DoorControl.Tests.Unit.csproj", "{9799854A-F80C-4014-AAC4-11579249FAB1}"
EndProject
Global
	GlobalSection(SolutionConfigurationPlatforms) = preSolution
		Debug|Any CPU = Debug|Any CPU
		Release|Any CPU = Release|Any CPU
	EndGlobalSection
	GlobalSection(ProjectConfigurationPlatforms) = postSolution
		{3435AC59-1F9D-4BFB-B968-C258CD944199}.Debug|Any CPU.ActiveCfg = Debug|Any CPU
		{3435AC59-1F9D-4BFB-B968-C258CD944199}.Debug|Any CPU.Build.0 = Debug|Any CPU
		{3435AC59-1F9D-4BFB-B968-C258CD944199}.Release|Any CPU.ActiveCfg = Release|Any CPU
		{3435AC59-1F9D-4BFB-B968-C258CD944199}.Release|Any CPU.Build.0 = Release|Any CPU
		{9799854A-F80C-4014-AAC4-11579249FAB1}.Debug|Any CPU.ActiveCfg = Debug|Any CPU
		{9799854A-F80C-4014-AAC4-11579249FAB1}.Debug|Any CPU.Build.0 = Debug|Any CPU
		{9799854A-F80C-4014-AAC4-11579249FAB1}.Release|Any CPU.ActiveCfg = Release|Any CPU
		{9799854A-F80C-4014-AAC4-11579249FAB1}.Release|Any CPU.Build.0 = Release|Any CPU
	EndGlobalSection
	GlobalSection(SolutionProperties) = preSolution
		HideSolutionNode = FALSE
	EndGlobalSection
	GlobalSection(ExtensibilityGlobals) = postSolution
		SolutionGuid = {9694A39F-899C-48AD-BFFA-F7DBE98645F6}
	EndGlobalSection
EndGlobal
